// !$*UTF8*$!
{
	archiveVersion = 1;
	classes = {
	};
	objectVersion = 50;
	objects = {

/* Begin PBXBuildFile section */
		1D58C82E265AB5F10022584B /* ScannerVC.swift in Sources */ = {isa = PBXBuildFile; fileRef = 1D58C82D265AB5F10022584B /* ScannerVC.swift */; };
		1D58C830265AB6B10022584B /* StringUtilities.swift in Sources */ = {isa = PBXBuildFile; fileRef = 1D58C82F265AB6B10022584B /* StringUtilities.swift */; };
		1DFC98D0265990110024A63A /* AppDelegate.swift in Sources */ = {isa = PBXBuildFile; fileRef = 1DFC98CF265990110024A63A /* AppDelegate.swift */; };
		1DFC98D2265990110024A63A /* SceneDelegate.swift in Sources */ = {isa = PBXBuildFile; fileRef = 1DFC98D1265990110024A63A /* SceneDelegate.swift */; };
		1DFC98D9265990130024A63A /* Assets.xcassets in Resources */ = {isa = PBXBuildFile; fileRef = 1DFC98D8265990130024A63A /* Assets.xcassets */; };
		1DFC98DC265990130024A63A /* LaunchScreen.storyboard in Resources */ = {isa = PBXBuildFile; fileRef = 1DFC98DA265990130024A63A /* LaunchScreen.storyboard */; };
		B908CC272691438700DDC437 /* CaptureButton.swift in Sources */ = {isa = PBXBuildFile; fileRef = B908CC262691438700DDC437 /* CaptureButton.swift */; };
		B908CC2A269370C200DDC437 /* CaptureDetailVC.swift in Sources */ = {isa = PBXBuildFile; fileRef = B908CC29269370C200DDC437 /* CaptureDetailVC.swift */; };
		B908CC2C26938E4200DDC437 /* FlashToggleButton.swift in Sources */ = {isa = PBXBuildFile; fileRef = B908CC2B26938E4200DDC437 /* FlashToggleButton.swift */; };
		B908CC302693AAFB00DDC437 /* SelectionButton.swift in Sources */ = {isa = PBXBuildFile; fileRef = B908CC2F2693AAFB00DDC437 /* SelectionButton.swift */; };
		B9F6D40F26BEBC6500DFAE86 /* CloudMetadataManager.swift in Sources */ = {isa = PBXBuildFile; fileRef = B9F6D40E26BEBC6500DFAE86 /* CloudMetadataManager.swift */; };
		B9F6D41126BEBEB200DFAE86 /* MetadataItem.swift in Sources */ = {isa = PBXBuildFile; fileRef = B9F6D41026BEBEB200DFAE86 /* MetadataItem.swift */; };
		B9F6D41326BF17CF00DFAE86 /* Document.swift in Sources */ = {isa = PBXBuildFile; fileRef = B9F6D41226BF17CF00DFAE86 /* Document.swift */; };
/* End PBXBuildFile section */

/* Begin PBXFileReference section */
		1D58C82D265AB5F10022584B /* ScannerVC.swift */ = {isa = PBXFileReference; lastKnownFileType = sourcecode.swift; path = ScannerVC.swift; sourceTree = "<group>"; };
		1D58C82F265AB6B10022584B /* StringUtilities.swift */ = {isa = PBXFileReference; lastKnownFileType = sourcecode.swift; path = StringUtilities.swift; sourceTree = "<group>"; };
		1DFC98CC265990110024A63A /* ContactScanner.app */ = {isa = PBXFileReference; explicitFileType = wrapper.application; includeInIndex = 0; path = ContactScanner.app; sourceTree = BUILT_PRODUCTS_DIR; };
		1DFC98CF265990110024A63A /* AppDelegate.swift */ = {isa = PBXFileReference; lastKnownFileType = sourcecode.swift; path = AppDelegate.swift; sourceTree = "<group>"; };
		1DFC98D1265990110024A63A /* SceneDelegate.swift */ = {isa = PBXFileReference; lastKnownFileType = sourcecode.swift; path = SceneDelegate.swift; sourceTree = "<group>"; };
		1DFC98D8265990130024A63A /* Assets.xcassets */ = {isa = PBXFileReference; lastKnownFileType = folder.assetcatalog; path = Assets.xcassets; sourceTree = "<group>"; };
		1DFC98DB265990130024A63A /* Base */ = {isa = PBXFileReference; lastKnownFileType = file.storyboard; name = Base; path = Base.lproj/LaunchScreen.storyboard; sourceTree = "<group>"; };
		1DFC98DD265990130024A63A /* Info.plist */ = {isa = PBXFileReference; lastKnownFileType = text.plist.xml; path = Info.plist; sourceTree = "<group>"; };
		B908CC262691438700DDC437 /* CaptureButton.swift */ = {isa = PBXFileReference; lastKnownFileType = sourcecode.swift; path = CaptureButton.swift; sourceTree = "<group>"; };
		B908CC29269370C200DDC437 /* CaptureDetailVC.swift */ = {isa = PBXFileReference; lastKnownFileType = sourcecode.swift; path = CaptureDetailVC.swift; sourceTree = "<group>"; };
		B908CC2B26938E4200DDC437 /* FlashToggleButton.swift */ = {isa = PBXFileReference; lastKnownFileType = sourcecode.swift; path = FlashToggleButton.swift; sourceTree = "<group>"; };
		B908CC2F2693AAFB00DDC437 /* SelectionButton.swift */ = {isa = PBXFileReference; lastKnownFileType = sourcecode.swift; path = SelectionButton.swift; sourceTree = "<group>"; };
		B97216C526A36EED00D6E445 /* ContactScanner.entitlements */ = {isa = PBXFileReference; fileEncoding = 4; lastKnownFileType = text.plist.entitlements; path = ContactScanner.entitlements; sourceTree = "<group>"; };
		B9F6D40E26BEBC6500DFAE86 /* CloudMetadataManager.swift */ = {isa = PBXFileReference; lastKnownFileType = sourcecode.swift; path = CloudMetadataManager.swift; sourceTree = "<group>"; };
		B9F6D41026BEBEB200DFAE86 /* MetadataItem.swift */ = {isa = PBXFileReference; lastKnownFileType = sourcecode.swift; path = MetadataItem.swift; sourceTree = "<group>"; };
		B9F6D41226BF17CF00DFAE86 /* Document.swift */ = {isa = PBXFileReference; lastKnownFileType = sourcecode.swift; path = Document.swift; sourceTree = "<group>"; };
/* End PBXFileReference section */

/* Begin PBXFrameworksBuildPhase section */
		1DFC98C9265990110024A63A /* Frameworks */ = {
			isa = PBXFrameworksBuildPhase;
			buildActionMask = 2147483647;
			files = (
			);
			runOnlyForDeploymentPostprocessing = 0;
		};
/* End PBXFrameworksBuildPhase section */

/* Begin PBXGroup section */
		1D58C82C265AB5580022584B /* Utility */ = {
			isa = PBXGroup;
			children = (
				1D58C82F265AB6B10022584B /* StringUtilities.swift */,
				B9F6D41026BEBEB200DFAE86 /* MetadataItem.swift */,
			);
			path = Utility;
			sourceTree = "<group>";
		};
		1DFC98C3265990110024A63A = {
			isa = PBXGroup;
			children = (
				1DFC98CE265990110024A63A /* ContactScanner */,
				1DFC98CD265990110024A63A /* Products */,
			);
			sourceTree = "<group>";
		};
		1DFC98CD265990110024A63A /* Products */ = {
			isa = PBXGroup;
			children = (
				1DFC98CC265990110024A63A /* ContactScanner.app */,
			);
			name = Products;
			sourceTree = "<group>";
		};
		1DFC98CE265990110024A63A /* ContactScanner */ = {
			isa = PBXGroup;
			children = (
				B97216C526A36EED00D6E445 /* ContactScanner.entitlements */,
				1DFC98E52659904A0024A63A /* Controller */,
				B9F6D40D26BEBB7400DFAE86 /* Managers */,
				1DFC98E4265990440024A63A /* Views */,
				1D58C82C265AB5580022584B /* Utility */,
				B908CC282691472600DDC437 /* Extensions */,
				1DFC98E3265990400024A63A /* Support */,
			);
			path = ContactScanner;
			sourceTree = "<group>";
		};
		1DFC98E3265990400024A63A /* Support */ = {
			isa = PBXGroup;
			children = (
				1DFC98CF265990110024A63A /* AppDelegate.swift */,
				1DFC98D1265990110024A63A /* SceneDelegate.swift */,
				1DFC98D8265990130024A63A /* Assets.xcassets */,
				1DFC98DA265990130024A63A /* LaunchScreen.storyboard */,
				1DFC98DD265990130024A63A /* Info.plist */,
			);
			path = Support;
			sourceTree = "<group>";
		};
		1DFC98E4265990440024A63A /* Views */ = {
			isa = PBXGroup;
			children = (
				B908CC262691438700DDC437 /* CaptureButton.swift */,
				B908CC2B26938E4200DDC437 /* FlashToggleButton.swift */,
				B908CC2F2693AAFB00DDC437 /* SelectionButton.swift */,
			);
			path = Views;
			sourceTree = "<group>";
		};
		1DFC98E52659904A0024A63A /* Controller */ = {
			isa = PBXGroup;
			children = (
				1D58C82D265AB5F10022584B /* ScannerVC.swift */,
				B908CC29269370C200DDC437 /* CaptureDetailVC.swift */,
			);
			path = Controller;
			sourceTree = "<group>";
		};
		B908CC282691472600DDC437 /* Extensions */ = {
			isa = PBXGroup;
			children = (
			);
			path = Extensions;
			sourceTree = "<group>";
		};
		B9F6D40D26BEBB7400DFAE86 /* Managers */ = {
			isa = PBXGroup;
			children = (
				B9F6D40E26BEBC6500DFAE86 /* CloudMetadataManager.swift */,
				B9F6D41226BF17CF00DFAE86 /* Document.swift */,
			);
			path = Managers;
			sourceTree = "<group>";
		};
/* End PBXGroup section */

/* Begin PBXNativeTarget section */
		1DFC98CB265990110024A63A /* ContactScanner */ = {
			isa = PBXNativeTarget;
			buildConfigurationList = 1DFC98E0265990130024A63A /* Build configuration list for PBXNativeTarget "ContactScanner" */;
			buildPhases = (
				1DFC98C8265990110024A63A /* Sources */,
				1DFC98C9265990110024A63A /* Frameworks */,
				1DFC98CA265990110024A63A /* Resources */,
			);
			buildRules = (
			);
			dependencies = (
			);
			name = ContactScanner;
			productName = ContactScanner;
			productReference = 1DFC98CC265990110024A63A /* ContactScanner.app */;
			productType = "com.apple.product-type.application";
		};
/* End PBXNativeTarget section */

/* Begin PBXProject section */
		1DFC98C4265990110024A63A /* Project object */ = {
			isa = PBXProject;
			attributes = {
				LastSwiftUpdateCheck = 1250;
				LastUpgradeCheck = 1250;
				TargetAttributes = {
					1DFC98CB265990110024A63A = {
						CreatedOnToolsVersion = 12.5;
					};
				};
			};
			buildConfigurationList = 1DFC98C7265990110024A63A /* Build configuration list for PBXProject "ContactScanner" */;
			compatibilityVersion = "Xcode 9.3";
			developmentRegion = en;
			hasScannedForEncodings = 0;
			knownRegions = (
				en,
				Base,
			);
			mainGroup = 1DFC98C3265990110024A63A;
			productRefGroup = 1DFC98CD265990110024A63A /* Products */;
			projectDirPath = "";
			projectRoot = "";
			targets = (
				1DFC98CB265990110024A63A /* ContactScanner */,
			);
		};
/* End PBXProject section */

/* Begin PBXResourcesBuildPhase section */
		1DFC98CA265990110024A63A /* Resources */ = {
			isa = PBXResourcesBuildPhase;
			buildActionMask = 2147483647;
			files = (
				1DFC98DC265990130024A63A /* LaunchScreen.storyboard in Resources */,
				1DFC98D9265990130024A63A /* Assets.xcassets in Resources */,
			);
			runOnlyForDeploymentPostprocessing = 0;
		};
/* End PBXResourcesBuildPhase section */

/* Begin PBXSourcesBuildPhase section */
		1DFC98C8265990110024A63A /* Sources */ = {
			isa = PBXSourcesBuildPhase;
			buildActionMask = 2147483647;
			files = (
				B9F6D40F26BEBC6500DFAE86 /* CloudMetadataManager.swift in Sources */,
				B908CC2C26938E4200DDC437 /* FlashToggleButton.swift in Sources */,
				1DFC98D0265990110024A63A /* AppDelegate.swift in Sources */,
				1D58C830265AB6B10022584B /* StringUtilities.swift in Sources */,
				B908CC302693AAFB00DDC437 /* SelectionButton.swift in Sources */,
				1D58C82E265AB5F10022584B /* ScannerVC.swift in Sources */,
				B908CC2A269370C200DDC437 /* CaptureDetailVC.swift in Sources */,
				B908CC272691438700DDC437 /* CaptureButton.swift in Sources */,
				B9F6D41126BEBEB200DFAE86 /* MetadataItem.swift in Sources */,
				B9F6D41326BF17CF00DFAE86 /* Document.swift in Sources */,
				1DFC98D2265990110024A63A /* SceneDelegate.swift in Sources */,
			);
			runOnlyForDeploymentPostprocessing = 0;
		};
/* End PBXSourcesBuildPhase section */

/* Begin PBXVariantGroup section */
		1DFC98DA265990130024A63A /* LaunchScreen.storyboard */ = {
			isa = PBXVariantGroup;
			children = (
				1DFC98DB265990130024A63A /* Base */,
			);
			name = LaunchScreen.storyboard;
			sourceTree = "<group>";
		};
/* End PBXVariantGroup section */

/* Begin XCBuildConfiguration section */
		1DFC98DE265990130024A63A /* Debug */ = {
			isa = XCBuildConfiguration;
			buildSettings = {
				ALWAYS_SEARCH_USER_PATHS = NO;
				CLANG_ANALYZER_NONNULL = YES;
				CLANG_ANALYZER_NUMBER_OBJECT_CONVERSION = YES_AGGRESSIVE;
				CLANG_CXX_LANGUAGE_STANDARD = "gnu++14";
				CLANG_CXX_LIBRARY = "libc++";
				CLANG_ENABLE_MODULES = YES;
				CLANG_ENABLE_OBJC_ARC = YES;
				CLANG_ENABLE_OBJC_WEAK = YES;
				CLANG_WARN_BLOCK_CAPTURE_AUTORELEASING = YES;
				CLANG_WARN_BOOL_CONVERSION = YES;
				CLANG_WARN_COMMA = YES;
				CLANG_WARN_CONSTANT_CONVERSION = YES;
				CLANG_WARN_DEPRECATED_OBJC_IMPLEMENTATIONS = YES;
				CLANG_WARN_DIRECT_OBJC_ISA_USAGE = YES_ERROR;
				CLANG_WARN_DOCUMENTATION_COMMENTS = YES;
				CLANG_WARN_EMPTY_BODY = YES;
				CLANG_WARN_ENUM_CONVERSION = YES;
				CLANG_WARN_INFINITE_RECURSION = YES;
				CLANG_WARN_INT_CONVERSION = YES;
				CLANG_WARN_NON_LITERAL_NULL_CONVERSION = YES;
				CLANG_WARN_OBJC_IMPLICIT_RETAIN_SELF = YES;
				CLANG_WARN_OBJC_LITERAL_CONVERSION = YES;
				CLANG_WARN_OBJC_ROOT_CLASS = YES_ERROR;
				CLANG_WARN_QUOTED_INCLUDE_IN_FRAMEWORK_HEADER = YES;
				CLANG_WARN_RANGE_LOOP_ANALYSIS = YES;
				CLANG_WARN_STRICT_PROTOTYPES = YES;
				CLANG_WARN_SUSPICIOUS_MOVE = YES;
				CLANG_WARN_UNGUARDED_AVAILABILITY = YES_AGGRESSIVE;
				CLANG_WARN_UNREACHABLE_CODE = YES;
				CLANG_WARN__DUPLICATE_METHOD_MATCH = YES;
				COPY_PHASE_STRIP = NO;
				DEBUG_INFORMATION_FORMAT = dwarf;
				ENABLE_STRICT_OBJC_MSGSEND = YES;
				ENABLE_TESTABILITY = YES;
				GCC_C_LANGUAGE_STANDARD = gnu11;
				GCC_DYNAMIC_NO_PIC = NO;
				GCC_NO_COMMON_BLOCKS = YES;
				GCC_OPTIMIZATION_LEVEL = 0;
				GCC_PREPROCESSOR_DEFINITIONS = (
					"DEBUG=1",
					"$(inherited)",
				);
				GCC_WARN_64_TO_32_BIT_CONVERSION = YES;
				GCC_WARN_ABOUT_RETURN_TYPE = YES_ERROR;
				GCC_WARN_UNDECLARED_SELECTOR = YES;
				GCC_WARN_UNINITIALIZED_AUTOS = YES_AGGRESSIVE;
				GCC_WARN_UNUSED_FUNCTION = YES;
				GCC_WARN_UNUSED_VARIABLE = YES;
				IPHONEOS_DEPLOYMENT_TARGET = 14.5;
				MTL_ENABLE_DEBUG_INFO = INCLUDE_SOURCE;
				MTL_FAST_MATH = YES;
				ONLY_ACTIVE_ARCH = YES;
				SDKROOT = iphoneos;
				SWIFT_ACTIVE_COMPILATION_CONDITIONS = DEBUG;
				SWIFT_OPTIMIZATION_LEVEL = "-Onone";
			};
			name = Debug;
		};
		1DFC98DF265990130024A63A /* Release */ = {
			isa = XCBuildConfiguration;
			buildSettings = {
				ALWAYS_SEARCH_USER_PATHS = NO;
				CLANG_ANALYZER_NONNULL = YES;
				CLANG_ANALYZER_NUMBER_OBJECT_CONVERSION = YES_AGGRESSIVE;
				CLANG_CXX_LANGUAGE_STANDARD = "gnu++14";
				CLANG_CXX_LIBRARY = "libc++";
				CLANG_ENABLE_MODULES = YES;
				CLANG_ENABLE_OBJC_ARC = YES;
				CLANG_ENABLE_OBJC_WEAK = YES;
				CLANG_WARN_BLOCK_CAPTURE_AUTORELEASING = YES;
				CLANG_WARN_BOOL_CONVERSION = YES;
				CLANG_WARN_COMMA = YES;
				CLANG_WARN_CONSTANT_CONVERSION = YES;
				CLANG_WARN_DEPRECATED_OBJC_IMPLEMENTATIONS = YES;
				CLANG_WARN_DIRECT_OBJC_ISA_USAGE = YES_ERROR;
				CLANG_WARN_DOCUMENTATION_COMMENTS = YES;
				CLANG_WARN_EMPTY_BODY = YES;
				CLANG_WARN_ENUM_CONVERSION = YES;
				CLANG_WARN_INFINITE_RECURSION = YES;
				CLANG_WARN_INT_CONVERSION = YES;
				CLANG_WARN_NON_LITERAL_NULL_CONVERSION = YES;
				CLANG_WARN_OBJC_IMPLICIT_RETAIN_SELF = YES;
				CLANG_WARN_OBJC_LITERAL_CONVERSION = YES;
				CLANG_WARN_OBJC_ROOT_CLASS = YES_ERROR;
				CLANG_WARN_QUOTED_INCLUDE_IN_FRAMEWORK_HEADER = YES;
				CLANG_WARN_RANGE_LOOP_ANALYSIS = YES;
				CLANG_WARN_STRICT_PROTOTYPES = YES;
				CLANG_WARN_SUSPICIOUS_MOVE = YES;
				CLANG_WARN_UNGUARDED_AVAILABILITY = YES_AGGRESSIVE;
				CLANG_WARN_UNREACHABLE_CODE = YES;
				CLANG_WARN__DUPLICATE_METHOD_MATCH = YES;
				COPY_PHASE_STRIP = NO;
				DEBUG_INFORMATION_FORMAT = "dwarf-with-dsym";
				ENABLE_NS_ASSERTIONS = NO;
				ENABLE_STRICT_OBJC_MSGSEND = YES;
				GCC_C_LANGUAGE_STANDARD = gnu11;
				GCC_NO_COMMON_BLOCKS = YES;
				GCC_WARN_64_TO_32_BIT_CONVERSION = YES;
				GCC_WARN_ABOUT_RETURN_TYPE = YES_ERROR;
				GCC_WARN_UNDECLARED_SELECTOR = YES;
				GCC_WARN_UNINITIALIZED_AUTOS = YES_AGGRESSIVE;
				GCC_WARN_UNUSED_FUNCTION = YES;
				GCC_WARN_UNUSED_VARIABLE = YES;
				IPHONEOS_DEPLOYMENT_TARGET = 14.5;
				MTL_ENABLE_DEBUG_INFO = NO;
				MTL_FAST_MATH = YES;
				SDKROOT = iphoneos;
				SWIFT_COMPILATION_MODE = wholemodule;
				SWIFT_OPTIMIZATION_LEVEL = "-O";
				VALIDATE_PRODUCT = YES;
			};
			name = Release;
		};
		1DFC98E1265990130024A63A /* Debug */ = {
			isa = XCBuildConfiguration;
			buildSettings = {
				ASSETCATALOG_COMPILER_APPICON_NAME = AppIcon;
				ASSETCATALOG_COMPILER_GLOBAL_ACCENT_COLOR_NAME = AccentColor;
				CODE_SIGN_ENTITLEMENTS = ContactScanner/ContactScanner.entitlements;
				CODE_SIGN_STYLE = Automatic;
				DEVELOPMENT_TEAM = J658BJ7LAB;
				INFOPLIST_FILE = ContactScanner/Support/Info.plist;
				LD_RUNPATH_SEARCH_PATHS = (
					"$(inherited)",
					"@executable_path/Frameworks",
				);
				PRODUCT_BUNDLE_IDENTIFIER = com.julianmartinezdev.ContactScanner;
				PRODUCT_NAME = "$(TARGET_NAME)";
				SWIFT_VERSION = 5.0;
				TARGETED_DEVICE_FAMILY = 1;
			};
			name = Debug;
		};
		1DFC98E2265990130024A63A /* Release */ = {
			isa = XCBuildConfiguration;
			buildSettings = {
				ASSETCATALOG_COMPILER_APPICON_NAME = AppIcon;
				ASSETCATALOG_COMPILER_GLOBAL_ACCENT_COLOR_NAME = AccentColor;
				CODE_SIGN_ENTITLEMENTS = ContactScanner/ContactScanner.entitlements;
				CODE_SIGN_STYLE = Automatic;
				DEVELOPMENT_TEAM = J658BJ7LAB;
				INFOPLIST_FILE = ContactScanner/Support/Info.plist;
				LD_RUNPATH_SEARCH_PATHS = (
					"$(inherited)",
					"@executable_path/Frameworks",
				);
				PRODUCT_BUNDLE_IDENTIFIER = com.julianmartinezdev.ContactScanner;
				PRODUCT_NAME = "$(TARGET_NAME)";
				SWIFT_VERSION = 5.0;
				TARGETED_DEVICE_FAMILY = 1;
			};
			name = Release;
		};
/* End XCBuildConfiguration section */

/* Begin XCConfigurationList section */
		1DFC98C7265990110024A63A /* Build configuration list for PBXProject "ContactScanner" */ = {
			isa = XCConfigurationList;
			buildConfigurations = (
				1DFC98DE265990130024A63A /* Debug */,
				1DFC98DF265990130024A63A /* Release */,
			);
			defaultConfigurationIsVisible = 0;
			defaultConfigurationName = Release;
		};
		1DFC98E0265990130024A63A /* Build configuration list for PBXNativeTarget "ContactScanner" */ = {
			isa = XCConfigurationList;
			buildConfigurations = (
				1DFC98E1265990130024A63A /* Debug */,
				1DFC98E2265990130024A63A /* Release */,
			);
			defaultConfigurationIsVisible = 0;
			defaultConfigurationName = Release;
		};
/* End XCConfigurationList section */
	};
	rootObject = 1DFC98C4265990110024A63A /* Project object */;
}
